{
  "pins" : [
    {
      "identity" : "kingfisher",
      "kind" : "remoteSourceControl",
      "location" : "https://github.com/onevcat/Kingfisher",
      "state" : {
        "revision" : "8acda585eeb3b1ef72bffe0aa85f52a9bc16605c",
        "version" : "5.15.6"
      }
    },
    {
      "identity" : "sdwebimage",
      "kind" : "remoteSourceControl",
      "location" : "https://github.com/SDWebImage/SDWebImage.git",
      "state" : {
        "revision" : "a71dcd2b43de1d948b203249b7e1dee328e8016d",
        "version" : "5.9.3"
      }
    },
    {
      "identity" : "sdwebimageswiftui",
      "kind" : "remoteSourceControl",
      "location" : "https://github.com/SDWebImage/SDWebImageSwiftUI",
      "state" : {
        "revision" : "4c7f169e39bc35d6b80d42b8eb8301bee9cd0907",
        "version" : "1.5.0"
      }
    }
  ],
  "version" : 2
}
